// !$*UTF8*$!
{
	archiveVersion = 1;
	classes = {
	};
	objectVersion = 50;
	objects = {

/* Begin PBXBuildFile section */
		EF13E22F25383B020024E923 /* AppDelegate.swift in Sources */ = {isa = PBXBuildFile; fileRef = EF13E22E25383B020024E923 /* AppDelegate.swift */; };
		EF13E23125383B020024E923 /* SceneDelegate.swift in Sources */ = {isa = PBXBuildFile; fileRef = EF13E23025383B020024E923 /* SceneDelegate.swift */; };
		EF13E23325383B020024E923 /* ViewController.swift in Sources */ = {isa = PBXBuildFile; fileRef = EF13E23225383B020024E923 /* ViewController.swift */; };
		EF13E23625383B020024E923 /* Main.storyboard in Resources */ = {isa = PBXBuildFile; fileRef = EF13E23425383B020024E923 /* Main.storyboard */; };
		EF13E23825383B030024E923 /* Assets.xcassets in Resources */ = {isa = PBXBuildFile; fileRef = EF13E23725383B030024E923 /* Assets.xcassets */; };
		EF13E23B25383B030024E923 /* LaunchScreen.storyboard in Resources */ = {isa = PBXBuildFile; fileRef = EF13E23925383B030024E923 /* LaunchScreen.storyboard */; };
		EF13E24625383B030024E923 /* flixTests.swift in Sources */ = {isa = PBXBuildFile; fileRef = EF13E24525383B030024E923 /* flixTests.swift */; };
		EF13E25125383B030024E923 /* flixUITests.swift in Sources */ = {isa = PBXBuildFile; fileRef = EF13E25025383B030024E923 /* flixUITests.swift */; };
/* End PBXBuildFile section */

/* Begin PBXContainerItemProxy section */
		EF13E24225383B030024E923 /* PBXContainerItemProxy */ = {
			isa = PBXContainerItemProxy;
			containerPortal = EF13E22325383B020024E923 /* Project object */;
			proxyType = 1;
			remoteGlobalIDString = EF13E22A25383B020024E923;
			remoteInfo = flix;
		};
		EF13E24D25383B030024E923 /* PBXContainerItemProxy */ = {
			isa = PBXContainerItemProxy;
			containerPortal = EF13E22325383B020024E923 /* Project object */;
			proxyType = 1;
			remoteGlobalIDString = EF13E22A25383B020024E923;
			remoteInfo = flix;
		};
/* End PBXContainerItemProxy section */

/* Begin PBXFileReference section */
		EF13E22B25383B020024E923 /* flix.app */ = {isa = PBXFileReference; explicitFileType = wrapper.application; includeInIndex = 0; path = flix.app; sourceTree = BUILT_PRODUCTS_DIR; };
		EF13E22E25383B020024E923 /* AppDelegate.swift */ = {isa = PBXFileReference; lastKnownFileType = sourcecode.swift; path = AppDelegate.swift; sourceTree = "<group>"; };
		EF13E23025383B020024E923 /* SceneDelegate.swift */ = {isa = PBXFileReference; lastKnownFileType = sourcecode.swift; path = SceneDelegate.swift; sourceTree = "<group>"; };
		EF13E23225383B020024E923 /* ViewController.swift */ = {isa = PBXFileReference; lastKnownFileType = sourcecode.swift; path = ViewController.swift; sourceTree = "<group>"; };
		EF13E23525383B020024E923 /* Base */ = {isa = PBXFileReference; lastKnownFileType = file.storyboard; name = Base; path = Base.lproj/Main.storyboard; sourceTree = "<group>"; };
		EF13E23725383B030024E923 /* Assets.xcassets */ = {isa = PBXFileReference; lastKnownFileType = folder.assetcatalog; path = Assets.xcassets; sourceTree = "<group>"; };
		EF13E23A25383B030024E923 /* Base */ = {isa = PBXFileReference; lastKnownFileType = file.storyboard; name = Base; path = Base.lproj/LaunchScreen.storyboard; sourceTree = "<group>"; };
		EF13E23C25383B030024E923 /* Info.plist */ = {isa = PBXFileReference; lastKnownFileType = text.plist.xml; path = Info.plist; sourceTree = "<group>"; };
		EF13E24125383B030024E923 /* flixTests.xctest */ = {isa = PBXFileReference; explicitFileType = wrapper.cfbundle; includeInIndex = 0; path = flixTests.xctest; sourceTree = BUILT_PRODUCTS_DIR; };
		EF13E24525383B030024E923 /* flixTests.swift */ = {isa = PBXFileReference; lastKnownFileType = sourcecode.swift; path = flixTests.swift; sourceTree = "<group>"; };
		EF13E24725383B030024E923 /* Info.plist */ = {isa = PBXFileReference; lastKnownFileType = text.plist.xml; path = Info.plist; sourceTree = "<group>"; };
		EF13E24C25383B030024E923 /* flixUITests.xctest */ = {isa = PBXFileReference; explicitFileType = wrapper.cfbundle; includeInIndex = 0; path = flixUITests.xctest; sourceTree = BUILT_PRODUCTS_DIR; };
		EF13E25025383B030024E923 /* flixUITests.swift */ = {isa = PBXFileReference; lastKnownFileType = sourcecode.swift; path = flixUITests.swift; sourceTree = "<group>"; };
		EF13E25225383B030024E923 /* Info.plist */ = {isa = PBXFileReference; lastKnownFileType = text.plist.xml; path = Info.plist; sourceTree = "<group>"; };
/* End PBXFileReference section */

/* Begin PBXFrameworksBuildPhase section */
		EF13E22825383B020024E923 /* Frameworks */ = {
			isa = PBXFrameworksBuildPhase;
			buildActionMask = 2147483647;
			files = (
			);
			runOnlyForDeploymentPostprocessing = 0;
		};
		EF13E23E25383B030024E923 /* Frameworks */ = {
			isa = PBXFrameworksBuildPhase;
			buildActionMask = 2147483647;
			files = (
			);
			runOnlyForDeploymentPostprocessing = 0;
		};
		EF13E24925383B030024E923 /* Frameworks */ = {
			isa = PBXFrameworksBuildPhase;
			buildActionMask = 2147483647;
			files = (
			);
			runOnlyForDeploymentPostprocessing = 0;
		};
/* End PBXFrameworksBuildPhase section */

/* Begin PBXGroup section */
		EF13E22225383B020024E923 = {
			isa = PBXGroup;
			children = (
				EF13E22D25383B020024E923 /* flix */,
				EF13E24425383B030024E923 /* flixTests */,
				EF13E24F25383B030024E923 /* flixUITests */,
				EF13E22C25383B020024E923 /* Products */,
			);
			sourceTree = "<group>";
		};
		EF13E22C25383B020024E923 /* Products */ = {
			isa = PBXGroup;
			children = (
				EF13E22B25383B020024E923 /* flix.app */,
				EF13E24125383B030024E923 /* flixTests.xctest */,
				EF13E24C25383B030024E923 /* flixUITests.xctest */,
			);
			name = Products;
			sourceTree = "<group>";
		};
		EF13E22D25383B020024E923 /* flix */ = {
			isa = PBXGroup;
			children = (
				EF13E22E25383B020024E923 /* AppDelegate.swift */,
				EF13E23025383B020024E923 /* SceneDelegate.swift */,
				EF13E23225383B020024E923 /* ViewController.swift */,
				EF13E23425383B020024E923 /* Main.storyboard */,
				EF13E23725383B030024E923 /* Assets.xcassets */,
				EF13E23925383B030024E923 /* LaunchScreen.storyboard */,
				EF13E23C25383B030024E923 /* Info.plist */,
			);
			path = flix;
			sourceTree = "<group>";
		};
		EF13E24425383B030024E923 /* flixTests */ = {
			isa = PBXGroup;
			children = (
				EF13E24525383B030024E923 /* flixTests.swift */,
				EF13E24725383B030024E923 /* Info.plist */,
			);
			path = flixTests;
			sourceTree = "<group>";
		};
		EF13E24F25383B030024E923 /* flixUITests */ = {
			isa = PBXGroup;
			children = (
				EF13E25025383B030024E923 /* flixUITests.swift */,
				EF13E25225383B030024E923 /* Info.plist */,
			);
			path = flixUITests;
			sourceTree = "<group>";
		};
/* End PBXGroup section */

/* Begin PBXNativeTarget section */
		EF13E22A25383B020024E923 /* flix */ = {
			isa = PBXNativeTarget;
			buildConfigurationList = EF13E25525383B030024E923 /* Build configuration list for PBXNativeTarget "flix" */;
			buildPhases = (
				EF13E22725383B020024E923 /* Sources */,
				EF13E22825383B020024E923 /* Frameworks */,
				EF13E22925383B020024E923 /* Resources */,
			);
			buildRules = (
			);
			dependencies = (
			);
			name = flix;
			productName = flix;
			productReference = EF13E22B25383B020024E923 /* flix.app */;
			productType = "com.apple.product-type.application";
		};
		EF13E24025383B030024E923 /* flixTests */ = {
			isa = PBXNativeTarget;
			buildConfigurationList = EF13E25825383B030024E923 /* Build configuration list for PBXNativeTarget "flixTests" */;
			buildPhases = (
				EF13E23D25383B030024E923 /* Sources */,
				EF13E23E25383B030024E923 /* Frameworks */,
				EF13E23F25383B030024E923 /* Resources */,
			);
			buildRules = (
			);
			dependencies = (
				EF13E24325383B030024E923 /* PBXTargetDependency */,
			);
			name = flixTests;
			productName = flixTests;
			productReference = EF13E24125383B030024E923 /* flixTests.xctest */;
			productType = "com.apple.product-type.bundle.unit-test";
		};
		EF13E24B25383B030024E923 /* flixUITests */ = {
			isa = PBXNativeTarget;
			buildConfigurationList = EF13E25B25383B030024E923 /* Build configuration list for PBXNativeTarget "flixUITests" */;
			buildPhases = (
				EF13E24825383B030024E923 /* Sources */,
				EF13E24925383B030024E923 /* Frameworks */,
				EF13E24A25383B030024E923 /* Resources */,
			);
			buildRules = (
			);
			dependencies = (
				EF13E24E25383B030024E923 /* PBXTargetDependency */,
			);
			name = flixUITests;
			productName = flixUITests;
			productReference = EF13E24C25383B030024E923 /* flixUITests.xctest */;
			productType = "com.apple.product-type.bundle.ui-testing";
		};
/* End PBXNativeTarget section */

/* Begin PBXProject section */
		EF13E22325383B020024E923 /* Project object */ = {
			isa = PBXProject;
			attributes = {
				LastSwiftUpdateCheck = 1160;
				LastUpgradeCheck = 1160;
				ORGANIZATIONNAME = "Akhil Murthy";
				TargetAttributes = {
					EF13E22A25383B020024E923 = {
						CreatedOnToolsVersion = 11.6;
					};
					EF13E24025383B030024E923 = {
						CreatedOnToolsVersion = 11.6;
						TestTargetID = EF13E22A25383B020024E923;
					};
					EF13E24B25383B030024E923 = {
						CreatedOnToolsVersion = 11.6;
						TestTargetID = EF13E22A25383B020024E923;
					};
				};
			};
			buildConfigurationList = EF13E22625383B020024E923 /* Build configuration list for PBXProject "flix" */;
			compatibilityVersion = "Xcode 9.3";
			developmentRegion = en;
			hasScannedForEncodings = 0;
			knownRegions = (
				en,
				Base,
			);
			mainGroup = EF13E22225383B020024E923;
			productRefGroup = EF13E22C25383B020024E923 /* Products */;
			projectDirPath = "";
			projectRoot = "";
			targets = (
				EF13E22A25383B020024E923 /* flix */,
				EF13E24025383B030024E923 /* flixTests */,
				EF13E24B25383B030024E923 /* flixUITests */,
			);
		};
/* End PBXProject section */

/* Begin PBXResourcesBuildPhase section */
		EF13E22925383B020024E923 /* Resources */ = {
			isa = PBXResourcesBuildPhase;
			buildActionMask = 2147483647;
			files = (
				EF13E23B25383B030024E923 /* LaunchScreen.storyboard in Resources */,
				EF13E23825383B030024E923 /* Assets.xcassets in Resources */,
				EF13E23625383B020024E923 /* Main.storyboard in Resources */,
			);
			runOnlyForDeploymentPostprocessing = 0;
		};
		EF13E23F25383B030024E923 /* Resources */ = {
			isa = PBXResourcesBuildPhase;
			buildActionMask = 2147483647;
			files = (
			);
			runOnlyForDeploymentPostprocessing = 0;
		};
		EF13E24A25383B030024E923 /* Resources */ = {
			isa = PBXResourcesBuildPhase;
			buildActionMask = 2147483647;
			files = (
			);
			runOnlyForDeploymentPostprocessing = 0;
		};
/* End PBXResourcesBuildPhase section */

/* Begin PBXSourcesBuildPhase section */
		EF13E22725383B020024E923 /* Sources */ = {
			isa = PBXSourcesBuildPhase;
			buildActionMask = 2147483647;
			files = (
				EF13E23325383B020024E923 /* ViewController.swift in Sources */,
				EF13E22F25383B020024E923 /* AppDelegate.swift in Sources */,
				EF13E23125383B020024E923 /* SceneDelegate.swift in Sources */,
			);
			runOnlyForDeploymentPostprocessing = 0;
		};
		EF13E23D25383B030024E923 /* Sources */ = {
			isa = PBXSourcesBuildPhase;
			buildActionMask = 2147483647;
			files = (
				EF13E24625383B030024E923 /* flixTests.swift in Sources */,
			);
			runOnlyForDeploymentPostprocessing = 0;
		};
		EF13E24825383B030024E923 /* Sources */ = {
			isa = PBXSourcesBuildPhase;
			buildActionMask = 2147483647;
			files = (
				EF13E25125383B030024E923 /* flixUITests.swift in Sources */,
			);
			runOnlyForDeploymentPostprocessing = 0;
		};
/* End PBXSourcesBuildPhase section */

/* Begin PBXTargetDependency section */
		EF13E24325383B030024E923 /* PBXTargetDependency */ = {
			isa = PBXTargetDependency;
			target = EF13E22A25383B020024E923 /* flix */;
			targetProxy = EF13E24225383B030024E923 /* PBXContainerItemProxy */;
		};
		EF13E24E25383B030024E923 /* PBXTargetDependency */ = {
			isa = PBXTargetDependency;
			target = EF13E22A25383B020024E923 /* flix */;
			targetProxy = EF13E24D25383B030024E923 /* PBXContainerItemProxy */;
		};
/* End PBXTargetDependency section */

/* Begin PBXVariantGroup section */
		EF13E23425383B020024E923 /* Main.storyboard */ = {
			isa = PBXVariantGroup;
			children = (
				EF13E23525383B020024E923 /* Base */,
			);
			name = Main.storyboard;
			sourceTree = "<group>";
		};
		EF13E23925383B030024E923 /* LaunchScreen.storyboard */ = {
			isa = PBXVariantGroup;
			children = (
				EF13E23A25383B030024E923 /* Base */,
			);
			name = LaunchScreen.storyboard;
			sourceTree = "<group>";
		};
/* End PBXVariantGroup section */

/* Begin XCBuildConfiguration section */
		EF13E25325383B030024E923 /* Debug */ = {
			isa = XCBuildConfiguration;
			buildSettings = {
				ALWAYS_SEARCH_USER_PATHS = NO;
				CLANG_ANALYZER_NONNULL = YES;
				CLANG_ANALYZER_NUMBER_OBJECT_CONVERSION = YES_AGGRESSIVE;
				CLANG_CXX_LANGUAGE_STANDARD = "gnu++14";
				CLANG_CXX_LIBRARY = "libc++";
				CLANG_ENABLE_MODULES = YES;
				CLANG_ENABLE_OBJC_ARC = YES;
				CLANG_ENABLE_OBJC_WEAK = YES;
				CLANG_WARN_BLOCK_CAPTURE_AUTORELEASING = YES;
				CLANG_WARN_BOOL_CONVERSION = YES;
				CLANG_WARN_COMMA = YES;
				CLANG_WARN_CONSTANT_CONVERSION = YES;
				CLANG_WARN_DEPRECATED_OBJC_IMPLEMENTATIONS = YES;
				CLANG_WARN_DIRECT_OBJC_ISA_USAGE = YES_ERROR;
				CLANG_WARN_DOCUMENTATION_COMMENTS = YES;
				CLANG_WARN_EMPTY_BODY = YES;
				CLANG_WARN_ENUM_CONVERSION = YES;
				CLANG_WARN_INFINITE_RECURSION = YES;
				CLANG_WARN_INT_CONVERSION = YES;
				CLANG_WARN_NON_LITERAL_NULL_CONVERSION = YES;
				CLANG_WARN_OBJC_IMPLICIT_RETAIN_SELF = YES;
				CLANG_WARN_OBJC_LITERAL_CONVERSION = YES;
				CLANG_WARN_OBJC_ROOT_CLASS = YES_ERROR;
				CLANG_WARN_RANGE_LOOP_ANALYSIS = YES;
				CLANG_WARN_STRICT_PROTOTYPES = YES;
				CLANG_WARN_SUSPICIOUS_MOVE = YES;
				CLANG_WARN_UNGUARDED_AVAILABILITY = YES_AGGRESSIVE;
				CLANG_WARN_UNREACHABLE_CODE = YES;
				CLANG_WARN__DUPLICATE_METHOD_MATCH = YES;
				COPY_PHASE_STRIP = NO;
				DEBUG_INFORMATION_FORMAT = dwarf;
				ENABLE_STRICT_OBJC_MSGSEND = YES;
				ENABLE_TESTABILITY = YES;
				GCC_C_LANGUAGE_STANDARD = gnu11;
				GCC_DYNAMIC_NO_PIC = NO;
				GCC_NO_COMMON_BLOCKS = YES;
				GCC_OPTIMIZATION_LEVEL = 0;
				GCC_PREPROCESSOR_DEFINITIONS = (
					"DEBUG=1",
					"$(inherited)",
				);
				GCC_WARN_64_TO_32_BIT_CONVERSION = YES;
				GCC_WARN_ABOUT_RETURN_TYPE = YES_ERROR;
				GCC_WARN_UNDECLARED_SELECTOR = YES;
				GCC_WARN_UNINITIALIZED_AUTOS = YES_AGGRESSIVE;
				GCC_WARN_UNUSED_FUNCTION = YES;
				GCC_WARN_UNUSED_VARIABLE = YES;
				IPHONEOS_DEPLOYMENT_TARGET = 13.6;
				MTL_ENABLE_DEBUG_INFO = INCLUDE_SOURCE;
				MTL_FAST_MATH = YES;
				ONLY_ACTIVE_ARCH = YES;
				SDKROOT = iphoneos;
				SWIFT_ACTIVE_COMPILATION_CONDITIONS = DEBUG;
				SWIFT_OPTIMIZATION_LEVEL = "-Onone";
			};
			name = Debug;
		};
		EF13E25425383B030024E923 /* Release */ = {
			isa = XCBuildConfiguration;
			buildSettings = {
				ALWAYS_SEARCH_USER_PATHS = NO;
				CLANG_ANALYZER_NONNULL = YES;
				CLANG_ANALYZER_NUMBER_OBJECT_CONVERSION = YES_AGGRESSIVE;
				CLANG_CXX_LANGUAGE_STANDARD = "gnu++14";
				CLANG_CXX_LIBRARY = "libc++";
				CLANG_ENABLE_MODULES = YES;
				CLANG_ENABLE_OBJC_ARC = YES;
				CLANG_ENABLE_OBJC_WEAK = YES;
				CLANG_WARN_BLOCK_CAPTURE_AUTORELEASING = YES;
				CLANG_WARN_BOOL_CONVERSION = YES;
				CLANG_WARN_COMMA = YES;
				CLANG_WARN_CONSTANT_CONVERSION = YES;
				CLANG_WARN_DEPRECATED_OBJC_IMPLEMENTATIONS = YES;
				CLANG_WARN_DIRECT_OBJC_ISA_USAGE = YES_ERROR;
				CLANG_WARN_DOCUMENTATION_COMMENTS = YES;
				CLANG_WARN_EMPTY_BODY = YES;
				CLANG_WARN_ENUM_CONVERSION = YES;
				CLANG_WARN_INFINITE_RECURSION = YES;
				CLANG_WARN_INT_CONVERSION = YES;
				CLANG_WARN_NON_LITERAL_NULL_CONVERSION = YES;
				CLANG_WARN_OBJC_IMPLICIT_RETAIN_SELF = YES;
				CLANG_WARN_OBJC_LITERAL_CONVERSION = YES;
				CLANG_WARN_OBJC_ROOT_CLASS = YES_ERROR;
				CLANG_WARN_RANGE_LOOP_ANALYSIS = YES;
				CLANG_WARN_STRICT_PROTOTYPES = YES;
				CLANG_WARN_SUSPICIOUS_MOVE = YES;
				CLANG_WARN_UNGUARDED_AVAILABILITY = YES_AGGRESSIVE;
				CLANG_WARN_UNREACHABLE_CODE = YES;
				CLANG_WARN__DUPLICATE_METHOD_MATCH = YES;
				COPY_PHASE_STRIP = NO;
				DEBUG_INFORMATION_FORMAT = "dwarf-with-dsym";
				ENABLE_NS_ASSERTIONS = NO;
				ENABLE_STRICT_OBJC_MSGSEND = YES;
				GCC_C_LANGUAGE_STANDARD = gnu11;
				GCC_NO_COMMON_BLOCKS = YES;
				GCC_WARN_64_TO_32_BIT_CONVERSION = YES;
				GCC_WARN_ABOUT_RETURN_TYPE = YES_ERROR;
				GCC_WARN_UNDECLARED_SELECTOR = YES;
				GCC_WARN_UNINITIALIZED_AUTOS = YES_AGGRESSIVE;
				GCC_WARN_UNUSED_FUNCTION = YES;
				GCC_WARN_UNUSED_VARIABLE = YES;
				IPHONEOS_DEPLOYMENT_TARGET = 13.6;
				MTL_ENABLE_DEBUG_INFO = NO;
				MTL_FAST_MATH = YES;
				SDKROOT = iphoneos;
				SWIFT_COMPILATION_MODE = wholemodule;
				SWIFT_OPTIMIZATION_LEVEL = "-O";
				VALIDATE_PRODUCT = YES;
			};
			name = Release;
		};
		EF13E25625383B030024E923 /* Debug */ = {
			isa = XCBuildConfiguration;
			buildSettings = {
				ASSETCATALOG_COMPILER_APPICON_NAME = AppIcon;
				CODE_SIGN_STYLE = Automatic;
				INFOPLIST_FILE = flix/Info.plist;
				LD_RUNPATH_SEARCH_PATHS = (
					"$(inherited)",
					"@executable_path/Frameworks",
				);
				PRODUCT_BUNDLE_IDENTIFIER = "Akhil-Murthy.flix";
				PRODUCT_NAME = "$(TARGET_NAME)";
				SWIFT_VERSION = 5.0;
				TARGETED_DEVICE_FAMILY = "1,2";
			};
			name = Debug;
		};
		EF13E25725383B030024E923 /* Release */ = {
			isa = XCBuildConfiguration;
			buildSettings = {
				ASSETCATALOG_COMPILER_APPICON_NAME = AppIcon;
				CODE_SIGN_STYLE = Automatic;
				INFOPLIST_FILE = flix/Info.plist;
				LD_RUNPATH_SEARCH_PATHS = (
					"$(inherited)",
					"@executable_path/Frameworks",
				);
				PRODUCT_BUNDLE_IDENTIFIER = "Akhil-Murthy.flix";
				PRODUCT_NAME = "$(TARGET_NAME)";
				SWIFT_VERSION = 5.0;
				TARGETED_DEVICE_FAMILY = "1,2";
			};
			name = Release;
		};
		EF13E25925383B030024E923 /* Debug */ = {
			isa = XCBuildConfiguration;
			buildSettings = {
				ALWAYS_EMBED_SWIFT_STANDARD_LIBRARIES = YES;
				BUNDLE_LOADER = "$(TEST_HOST)";
				CODE_SIGN_STYLE = Automatic;
				INFOPLIST_FILE = flixTests/Info.plist;
				IPHONEOS_DEPLOYMENT_TARGET = 13.6;
				LD_RUNPATH_SEARCH_PATHS = (
					"$(inherited)",
					"@executable_path/Frameworks",
					"@loader_path/Frameworks",
				);
				PRODUCT_BUNDLE_IDENTIFIER = "Akhil-Murthy.flixTests";
				PRODUCT_NAME = "$(TARGET_NAME)";
				SWIFT_VERSION = 5.0;
				TARGETED_DEVICE_FAMILY = "1,2";
				TEST_HOST = "$(BUILT_PRODUCTS_DIR)/flix.app/flix";
			};
			name = Debug;
		};
		EF13E25A25383B030024E923 /* Release */ = {
			isa = XCBuildConfiguration;
			buildSettings = {
				ALWAYS_EMBED_SWIFT_STANDARD_LIBRARIES = YES;
				BUNDLE_LOADER = "$(TEST_HOST)";
				CODE_SIGN_STYLE = Automatic;
				INFOPLIST_FILE = flixTests/Info.plist;
				IPHONEOS_DEPLOYMENT_TARGET = 13.6;
				LD_RUNPATH_SEARCH_PATHS = (
					"$(inherited)",
					"@executable_path/Frameworks",
					"@loader_path/Frameworks",
				);
				PRODUCT_BUNDLE_IDENTIFIER = "Akhil-Murthy.flixTests";
				PRODUCT_NAME = "$(TARGET_NAME)";
				SWIFT_VERSION = 5.0;
				TARGETED_DEVICE_FAMILY = "1,2";
				TEST_HOST = "$(BUILT_PRODUCTS_DIR)/flix.app/flix";
			};
			name = Release;
		};
		EF13E25C25383B030024E923 /* Debug */ = {
			isa = XCBuildConfiguration;
			buildSettings = {
				ALWAYS_EMBED_SWIFT_STANDARD_LIBRARIES = YES;
				CODE_SIGN_STYLE = Automatic;
				INFOPLIST_FILE = flixUITests/Info.plist;
				LD_RUNPATH_SEARCH_PATHS = (
					"$(inherited)",
					"@executable_path/Frameworks",
					"@loader_path/Frameworks",
				);
				PRODUCT_BUNDLE_IDENTIFIER = "Akhil-Murthy.flixUITests";
				PRODUCT_NAME = "$(TARGET_NAME)";
				SWIFT_VERSION = 5.0;
				TARGETED_DEVICE_FAMILY = "1,2";
				TEST_TARGET_NAME = flix;
			};
			name = Debug;
		};
		EF13E25D25383B030024E923 /* Release */ = {
			isa = XCBuildConfiguration;
			buildSettings = {
				ALWAYS_EMBED_SWIFT_STANDARD_LIBRARIES = YES;
				CODE_SIGN_STYLE = Automatic;
				INFOPLIST_FILE = flixUITests/Info.plist;
				LD_RUNPATH_SEARCH_PATHS = (
					"$(inherited)",
					"@executable_path/Frameworks",
					"@loader_path/Frameworks",
				);
				PRODUCT_BUNDLE_IDENTIFIER = "Akhil-Murthy.flixUITests";
				PRODUCT_NAME = "$(TARGET_NAME)";
				SWIFT_VERSION = 5.0;
				TARGETED_DEVICE_FAMILY = "1,2";
				TEST_TARGET_NAME = flix;
			};
			name = Release;
		};
/* End XCBuildConfiguration section */

/* Begin XCConfigurationList section */
		EF13E22625383B020024E923 /* Build configuration list for PBXProject "flix" */ = {
			isa = XCConfigurationList;
			buildConfigurations = (
				EF13E25325383B030024E923 /* Debug */,
				EF13E25425383B030024E923 /* Release */,
			);
			defaultConfigurationIsVisible = 0;
			defaultConfigurationName = Release;
		};
		EF13E25525383B030024E923 /* Build configuration list for PBXNativeTarget "flix" */ = {
			isa = XCConfigurationList;
			buildConfigurations = (
				EF13E25625383B030024E923 /* Debug */,
				EF13E25725383B030024E923 /* Release */,
			);
			defaultConfigurationIsVisible = 0;
			defaultConfigurationName = Release;
		};
		EF13E25825383B030024E923 /* Build configuration list for PBXNativeTarget "flixTests" */ = {
			isa = XCConfigurationList;
			buildConfigurations = (
				EF13E25925383B030024E923 /* Debug */,
				EF13E25A25383B030024E923 /* Release */,
			);
			defaultConfigurationIsVisible = 0;
			defaultConfigurationName = Release;
		};
		EF13E25B25383B030024E923 /* Build configuration list for PBXNativeTarget "flixUITests" */ = {
			isa = XCConfigurationList;
			buildConfigurations = (
				EF13E25C25383B030024E923 /* Debug */,
				EF13E25D25383B030024E923 /* Release */,
			);
			defaultConfigurationIsVisible = 0;
			defaultConfigurationName = Release;
		};
/* End XCConfigurationList section */
	};
	rootObject = EF13E22325383B020024E923 /* Project object */;
}
